
Microsoft Visual Studio Solution File, Format Version 12.00
# Visual Studio 14
VisualStudioVersion = 14.0.25420.1
MinimumVisualStudioVersion = 10.0.40219.1
Project("{FAE04EC0-301F-11D3-BF4B-00C04F79EFBC}") = "MOBILESHOP", "MOBILESHOP\MOBILESHOP.csproj", "{2CB1457B-C296-4A81-8CE0-A30E1B43D031}"
EndProject
Project("{FAE04EC0-301F-11D3-BF4B-00C04F79EFBC}") = "DataTransferObject", "DataTransferObject\DataTransferObject.csproj", "{0A7FC6E7-1AF7-459A-9B3C-F022EB98DE8E}"
EndProject
Project("{FAE04EC0-301F-11D3-BF4B-00C04F79EFBC}") = "DataAccessLayer", "DataAccessLayer\DataAccessLayer.csproj", "{1313C8CF-E5C9-4697-B247-13450D0E4867}"
EndProject
Global
	GlobalSection(SolutionConfigurationPlatforms) = preSolution
		Debug|Any CPU = Debug|Any CPU
		Release|Any CPU = Release|Any CPU
	EndGlobalSection
	GlobalSection(ProjectConfigurationPlatforms) = postSolution
		{2CB1457B-C296-4A81-8CE0-A30E1B43D031}.Debug|Any CPU.ActiveCfg = Debug|Any CPU
		{2CB1457B-C296-4A81-8CE0-A30E1B43D031}.Debug|Any CPU.Build.0 = Debug|Any CPU
		{2CB1457B-C296-4A81-8CE0-A30E1B43D031}.Release|Any CPU.ActiveCfg = Release|Any CPU
		{2CB1457B-C296-4A81-8CE0-A30E1B43D031}.Release|Any CPU.Build.0 = Release|Any CPU
		{0A7FC6E7-1AF7-459A-9B3C-F022EB98DE8E}.Debug|Any CPU.ActiveCfg = Debug|Any CPU
		{0A7FC6E7-1AF7-459A-9B3C-F022EB98DE8E}.Debug|Any CPU.Build.0 = Debug|Any CPU
		{0A7FC6E7-1AF7-459A-9B3C-F022EB98DE8E}.Release|Any CPU.ActiveCfg = Release|Any CPU
		{0A7FC6E7-1AF7-459A-9B3C-F022EB98DE8E}.Release|Any CPU.Build.0 = Release|Any CPU
		{1313C8CF-E5C9-4697-B247-13450D0E4867}.Debug|Any CPU.ActiveCfg = Debug|Any CPU
		{1313C8CF-E5C9-4697-B247-13450D0E4867}.Debug|Any CPU.Build.0 = Debug|Any CPU
		{1313C8CF-E5C9-4697-B247-13450D0E4867}.Release|Any CPU.ActiveCfg = Release|Any CPU
		{1313C8CF-E5C9-4697-B247-13450D0E4867}.Release|Any CPU.Build.0 = Release|Any CPU
	EndGlobalSection
	GlobalSection(SolutionProperties) = preSolution
		HideSolutionNode = FALSE
	EndGlobalSection
EndGlobal
